github.com/go-faker/faker/v4 v4.6.0 h1:6aOPzNptRiDwD14HuAnEtlTa+D1IfFuEHO8+vEFwjTs=
github.com/go-faker/faker/v4 v4.6.0/go.mod h1:ZmrHuVtTTm2Em9e0Du6CJ9CADaLEzGXW62z1YqFH0m0=
github.com/lib/pq v1.10.9 h1:YXG7RB+JIjhP29X+OtkiDnYaXQwpS4JEWq7dtCCRUEw=
github.com/lib/pq v1.10.9/go.mod h1:AlVN5x4E4T544tWzH6hKfbfQvm3HdbOxrmggDNAPY9o=
github.com/samber/mo v1.13.0 h1:LB1OwfJMju3a6FjghH+AIvzMG0ZPOzgTWj1qaHs1IQ4=
github.com/samber/mo v1.13.0/go.mod h1:BfkrCPuYzVG3ZljnZB783WIJIGk1mcZr9c9CPf8tAxs=
golang.org/x/text v0.22.0 h1:bofq7m3/HAFvbF51jz3Q9wLg3jkvSPuiZu/pD1XwgtM=
golang.org/x/text v0.22.0/go.mod h1:YRoo4H8PVmsu+E3Ou7cqLVH8oXWIHVoX0jqUWALQhfY=
gopkg.in/check.v1 v0.0.0-20161208181325-20d25e280405 h1:yhCVgyC4o1eVCa2tZl7eS0r+SDo693bJlVdllGtEeKM=
gopkg.in/check.v1 v0.0.0-20161208181325-20d25e280405/go.mod h1:Co6ibVJAznAaIkqp8huTwlJQCZ016jof/cbN4VW5Yz0=
gopkg.in/yaml.v2 v2.4.0 h1:D8xgwECY7CYvx+Y2n4sBz93Jn9JRvxdiyyo8CTfuKaY=
gopkg.in/yaml.v2 v2.4.0/go.mod h1:RDklbk79AGWmwhnvt/jBztapEOGDOx6ZbXqjP6csGnQ=
